Microsoft Visual Studio Solution File, Format Version 12.00
# Visual Studio Version 17
VisualStudioVersion = 17.13.35731.43
MinimumVisualStudioVersion = 10.0.40219.1
Project("{888888A0-9F3D-457C-B088-3A5042F75D52}") = "03 Lists Tuples and Sets", "03 Lists Tuples and Sets.pyproj", "{B3D2B769-AE3E-445C-9794-400E9AE67229}"
EndProject
Global
	GlobalSection(SolutionConfigurationPlatforms) = preSolution
		Debug|Any CPU = Debug|Any CPU
		Release|Any CPU = Release|Any CPU
	EndGlobalSection
	GlobalSection(ProjectConfigurationPlatforms) = postSolution
		{B3D2B769-AE3E-445C-9794-400E9AE67229}.Debug|Any CPU.ActiveCfg = Debug|Any CPU
		{B3D2B769-AE3E-445C-9794-400E9AE67229}.Release|Any CPU.ActiveCfg = Release|Any CPU
	EndGlobalSection
	GlobalSection(SolutionProperties) = preSolution
		HideSolutionNode = FALSE
	EndGlobalSection
	GlobalSection(ExtensibilityGlobals) = postSolution
		SolutionGuid = {0C795AA3-CE9B-44E4-9AF8-AD6B89CD3AB2}
	EndGlobalSection
EndGlobal
