Microsoft Visual Studio Solution File, Format Version 12.00
# Visual Studio Version 17
VisualStudioVersion = 17.13.35731.43
MinimumVisualStudioVersion = 10.0.40219.1
Project("{888888A0-9F3D-457C-B088-3A5042F75D52}") = "04 Key Value Pairs", "04 Key Value Pairs.pyproj", "{148253BC-79B7-412B-8876-AC2979C9E307}"
EndProject
Global
	GlobalSection(SolutionConfigurationPlatforms) = preSolution
		Debug|Any CPU = Debug|Any CPU
		Release|Any CPU = Release|Any CPU
	EndGlobalSection
	GlobalSection(ProjectConfigurationPlatforms) = postSolution
		{148253BC-79B7-412B-8876-AC2979C9E307}.Debug|Any CPU.ActiveCfg = Debug|Any CPU
		{148253BC-79B7-412B-8876-AC2979C9E307}.Release|Any CPU.ActiveCfg = Release|Any CPU
	EndGlobalSection
	GlobalSection(SolutionProperties) = preSolution
		HideSolutionNode = FALSE
	EndGlobalSection
	GlobalSection(ExtensibilityGlobals) = postSolution
		SolutionGuid = {B96AE66D-B224-44EB-AB18-C1F20BB51489}
	EndGlobalSection
EndGlobal
